github.com/IMQS/go-apachelog v0.0.0-20180717125434-05952ec2100f h1:y/0FcCXvGkKOO4+NcnX0w+nlzFUP/VxDOFhGr3Nvfgo=
github.com/IMQS/go-apachelog v0.0.0-20180717125434-05952ec2100f/go.mod h1:ZYsxL9yxca2E22Ibcdj7Pzk61jcIWxxL7u1IeXfDYtM=
github.com/IMQS/gowinsvc v0.0.0-20171019081213-88eed8ddfe95 h1:UFPSgk5/RyJWpCTKpuku3lrBCEI8s3ty40Y6TRocgaA=
github.com/IMQS/gowinsvc v0.0.0-20171019081213-88eed8ddfe95/go.mod h1:b69ORxZbSjMy1Jsk8LCZ9JWNo2iIl5VXQVmp3jdKIMY=
github.com/IMQS/httpbridge v0.0.0-20181012064022-ee7fa39680db h1:qpDLLfqRjMQFrPn1mKgC3m97Vgi040Z97I0Qn7F1Pfg=
github.com/IMQS/httpbridge v0.0.0-20181012064022-ee7fa39680db/go.mod h1:POE0mYn1y/468AM1cg9KMhbjti+Nj3QOzzkaUbA6cyY=
github.com/IMQS/log v0.0.0-20190610134251-f890260a8190 h1:KZtkVbCACYAw5fK4jX1EyqcIZsiECh5kwvEr9fOALzw=
github.com/IMQS/log v0.0.0-20190610134251-f890260a8190/go.mod h1:Aq/GLUOZ8xRYkwS6yZEg5QwKi3etKMgdkI+UQQQS87U=
github.com/IMQS/serviceauth v0.0.0-20190709134506-cdd809512e5f h1:Psagt3CnvE7vKAj03CaW+tQnMYOgS0sn20uyjEg5er8=
github.com/IMQS/serviceauth v0.0.0-20190709134506-cdd809512e5f/go.mod h1:ak0xycpTbqQmERQx6REE0XG4NtzynMIZ5ocVJHDXkkE=
github.com/IMQS/serviceconfigsgo v0.0.0-20181011085921-596c4358dcd4 h1:0S0NJlDz5BRgmqXAPw9dJxF+/BTrGqIs/9O8mWR2DHw=
github.com/IMQS/serviceconfigsgo v0.0.0-20181011085921-596c4358dcd4/go.mod h1:Sal40iFTM7BqULDKrOwKuAV4swyPeCk1jWxx5zMsJsI=
github.com/google/flatbuffers v1.11.0 h1:O7CEyB8Cb3/DmtxODGtLHcEvpr81Jm5qLg/hsHnxA2A=
github.com/google/flatbuffers v1.11.0/go.mod h1:1AeVuKshWv4vARoZatz6mlQ0JxURH0Kv5+zNeJKJCa8=
github.com/natefinch/lumberjack v0.0.0-20170911000000-aee462912944 h1:5mm6nUfBxgHGLAa08qAIWieosY5Oz9snyXK8Zia4+A4=
github.com/natefinch/lumberjack v0.0.0-20170911000000-aee462912944/go.mod h1:Wi9p2TTF5DG5oU+6YfsmYQpsTIOm0B1VNzQg9Mw6nPk=
golang.org/x/crypto v0.0.0-20190308221718-c2843e01d9a2/go.mod h1:djNgcEr1/C05ACkg1iLfiJU5Ep61QUkGW8qpdssI0+w=
golang.org/x/net v0.0.0-20190628185345-da137c7871d7 h1:rTIdg5QFRR7XCaK4LCjBiPbx8j4DQRpdYMnGn/bJUEU=
golang.org/x/net v0.0.0-20190628185345-da137c7871d7/go.mod h1:z5CRVTTTmAJ677TzLLGU+0bjPO0LkuOLi4/5GtJWs/s=
golang.org/x/sys v0.0.0-20190215142949-d0b11bdaac8a/go.mod h1:STP8DvDyc/dI5b8T5hshtkjS+E42TnysNCUPdjciGhY=
golang.org/x/text v0.3.0/go.mod h1:NqM8EUOU14njkJ3fqMW+pc6Ldnwhi/IjpwHt7yyuwOQ=
gopkg.in/natefinch/lumberjack.v2 v2.0.0 h1:1Lc07Kr7qY4U2YPouBjpCLxpiyxIVoxqXgkXLknAOE8=
gopkg.in/natefinch/lumberjack.v2 v2.0.0/go.mod h1:l0ndWWf7gzL7RNwBG7wST/UCcT4T24xpD6X8LsfU/+k=
