github.com/BurntSushi/toml v0.3.1 h1:WXkYYl6Yr3qBf1K79EBnL4mak0OimBfB0XUf9Vl28OQ=
github.com/BurntSushi/toml v0.3.1/go.mod h1:xHWCNGjB5oqiDr8zfno3MHue2Ht5sIBksp03qcyfWMU=
github.com/IMQS/go-apachelog v0.0.0-20180717125434-05952ec2100f h1:y/0FcCXvGkKOO4+NcnX0w+nlzFUP/VxDOFhGr3Nvfgo=
github.com/IMQS/go-apachelog v0.0.0-20180717125434-05952ec2100f/go.mod h1:ZYsxL9yxca2E22Ibcdj7Pzk61jcIWxxL7u1IeXfDYtM=
github.com/IMQS/gowinsvc v0.0.0-20171019081213-88eed8ddfe95 h1:UFPSgk5/RyJWpCTKpuku3lrBCEI8s3ty40Y6TRocgaA=
github.com/IMQS/gowinsvc v0.0.0-20171019081213-88eed8ddfe95/go.mod h1:b69ORxZbSjMy1Jsk8LCZ9JWNo2iIl5VXQVmp3jdKIMY=
github.com/IMQS/httpbridge v0.0.0-20181012064022-ee7fa39680db h1:qpDLLfqRjMQFrPn1mKgC3m97Vgi040Z97I0Qn7F1Pfg=
github.com/IMQS/httpbridge v0.0.0-20181012064022-ee7fa39680db/go.mod h1:POE0mYn1y/468AM1cg9KMhbjti+Nj3QOzzkaUbA6cyY=
github.com/IMQS/log v1.0.1 h1:jye0sZbPQj9psms0dAzZJK3yF3ldCNNVQEX8mEcWuS8=
github.com/IMQS/log v1.0.1/go.mod h1:NTJ+eKRXwfBr8tRKA7/JsTKeTqHluJkuZsD7YotVj48=
github.com/IMQS/serviceauth v1.0.0 h1:eDLkG2ETp1DZNuULa4xIYhBTPGOApqNwJrH64Ld6fPk=
github.com/IMQS/serviceauth v1.0.0/go.mod h1:k9X6RfjZyFzhAaB6fjFuBdbQRkzlAj7Vvv7oUasd2Ec=
github.com/IMQS/serviceauth v1.0.1 h1:UX/+Rf+ICAKFFx46XWCAFfXShe8SDKvXTBDFAhyNxnY=
github.com/IMQS/serviceauth v1.0.1/go.mod h1:k9X6RfjZyFzhAaB6fjFuBdbQRkzlAj7Vvv7oUasd2Ec=
github.com/IMQS/serviceconfigsgo v1.0.0 h1:fhxZ9FvcD5yYisiMZuP3coPF0PB5JCAL+1mHm3vYu64=
github.com/IMQS/serviceconfigsgo v1.0.0/go.mod h1:Sal40iFTM7BqULDKrOwKuAV4swyPeCk1jWxx5zMsJsI=
github.com/google/flatbuffers v1.11.0 h1:O7CEyB8Cb3/DmtxODGtLHcEvpr81Jm5qLg/hsHnxA2A=
github.com/google/flatbuffers v1.11.0/go.mod h1:1AeVuKshWv4vARoZatz6mlQ0JxURH0Kv5+zNeJKJCa8=
github.com/google/go-cmp v0.3.1 h1:Xye71clBPdm5HgqGwUkwhbynsUJZhDbS20FvLhQ2izg=
github.com/google/go-cmp v0.3.1/go.mod h1:8QqcDgzrUqlUb/G2PQTWiueGozuR1884gddMywk6iLU=
github.com/natefinch/lumberjack v2.0.0+incompatible h1:4QJd3OLAMgj7ph+yZTuX13Ld4UpgHp07nNdFX7mqFfM=
github.com/natefinch/lumberjack v2.0.0+incompatible/go.mod h1:Wi9p2TTF5DG5oU+6YfsmYQpsTIOm0B1VNzQg9Mw6nPk=
github.com/pkg/errors v0.8.1 h1:iURUrRGxPUNPdy5/HRSm+Yj6okJ6UtLINN0Q9M4+h3I=
github.com/pkg/errors v0.8.1/go.mod h1:bwawxfHBFNV+L2hUp1rHADufV3IMtnDRdf1r5NINEl0=
golang.org/x/crypto v0.0.0-20190308221718-c2843e01d9a2/go.mod h1:djNgcEr1/C05ACkg1iLfiJU5Ep61QUkGW8qpdssI0+w=
golang.org/x/net v0.0.0-20190628185345-da137c7871d7 h1:rTIdg5QFRR7XCaK4LCjBiPbx8j4DQRpdYMnGn/bJUEU=
golang.org/x/net v0.0.0-20190628185345-da137c7871d7/go.mod h1:z5CRVTTTmAJ677TzLLGU+0bjPO0LkuOLi4/5GtJWs/s=
golang.org/x/sys v0.0.0-20190215142949-d0b11bdaac8a/go.mod h1:STP8DvDyc/dI5b8T5hshtkjS+E42TnysNCUPdjciGhY=
golang.org/x/text v0.3.0/go.mod h1:NqM8EUOU14njkJ3fqMW+pc6Ldnwhi/IjpwHt7yyuwOQ=
gopkg.in/check.v1 v0.0.0-20161208181325-20d25e280405 h1:yhCVgyC4o1eVCa2tZl7eS0r+SDo693bJlVdllGtEeKM=
gopkg.in/check.v1 v0.0.0-20161208181325-20d25e280405/go.mod h1:Co6ibVJAznAaIkqp8huTwlJQCZ016jof/cbN4VW5Yz0=
gopkg.in/natefinch/lumberjack.v2 v2.0.0 h1:1Lc07Kr7qY4U2YPouBjpCLxpiyxIVoxqXgkXLknAOE8=
gopkg.in/natefinch/lumberjack.v2 v2.0.0/go.mod h1:l0ndWWf7gzL7RNwBG7wST/UCcT4T24xpD6X8LsfU/+k=
gopkg.in/yaml.v2 v2.3.0 h1:clyUAQHOM3G0M3f5vQj7LuJrETvjVot3Z5el9nffUtU=
gopkg.in/yaml.v2 v2.3.0/go.mod h1:hI93XBmqTisBFMUTm0b8Fm+jr3Dg1NNxqwp+5A1VGuI=
gotest.tools v2.2.0+incompatible h1:VsBPFP1AI068pPrMxtb/S8Zkgf9xEmTLJjfM+P5UIEo=
gotest.tools v2.2.0+incompatible/go.mod h1:DsYFclhRJ6vuDpmuTbkuFWG+y2sxOXAzmJt81HFBacw=
